
Microsoft Visual Studio Solution File, Format Version 12.00
# Visual Studio Version 16
VisualStudioVersion = 16.0.30011.22
MinimumVisualStudioVersion = 10.0.40219.1
Project("{9A19103F-16F7-4668-BE54-9A1E7A4F7556}") = "Insurance.Web", "Insurance\Insurance.Web.csproj", "{477B8FF3-8B28-4D25-AC9E-E35B20936F16}"
EndProject
Project("{FAE04EC0-301F-11D3-BF4B-00C04F79EFBC}") = "Insurance.Logic", "Insurance.Common\Insurance.Logic.csproj", "{03659EBB-9C82-4F6D-BC3E-DD6A77F63228}"
EndProject
Project("{FAE04EC0-301F-11D3-BF4B-00C04F79EFBC}") = "Insurance.Data", "Insurance.Data\Insurance.Data.csproj", "{6DE2D304-2862-4419-A81D-C712CF529621}"
EndProject
Global
	GlobalSection(SolutionConfigurationPlatforms) = preSolution
		Debug|Any CPU = Debug|Any CPU
		Release|Any CPU = Release|Any CPU
	EndGlobalSection
	GlobalSection(ProjectConfigurationPlatforms) = postSolution
		{477B8FF3-8B28-4D25-AC9E-E35B20936F16}.Debug|Any CPU.ActiveCfg = Debug|Any CPU
		{477B8FF3-8B28-4D25-AC9E-E35B20936F16}.Debug|Any CPU.Build.0 = Debug|Any CPU
		{477B8FF3-8B28-4D25-AC9E-E35B20936F16}.Release|Any CPU.ActiveCfg = Release|Any CPU
		{477B8FF3-8B28-4D25-AC9E-E35B20936F16}.Release|Any CPU.Build.0 = Release|Any CPU
		{03659EBB-9C82-4F6D-BC3E-DD6A77F63228}.Debug|Any CPU.ActiveCfg = Debug|Any CPU
		{03659EBB-9C82-4F6D-BC3E-DD6A77F63228}.Debug|Any CPU.Build.0 = Debug|Any CPU
		{03659EBB-9C82-4F6D-BC3E-DD6A77F63228}.Release|Any CPU.ActiveCfg = Release|Any CPU
		{03659EBB-9C82-4F6D-BC3E-DD6A77F63228}.Release|Any CPU.Build.0 = Release|Any CPU
		{6DE2D304-2862-4419-A81D-C712CF529621}.Debug|Any CPU.ActiveCfg = Debug|Any CPU
		{6DE2D304-2862-4419-A81D-C712CF529621}.Debug|Any CPU.Build.0 = Debug|Any CPU
		{6DE2D304-2862-4419-A81D-C712CF529621}.Release|Any CPU.ActiveCfg = Release|Any CPU
		{6DE2D304-2862-4419-A81D-C712CF529621}.Release|Any CPU.Build.0 = Release|Any CPU
	EndGlobalSection
	GlobalSection(SolutionProperties) = preSolution
		HideSolutionNode = FALSE
	EndGlobalSection
	GlobalSection(ExtensibilityGlobals) = postSolution
		SolutionGuid = {5DCCA40D-04F6-48D9-93A6-ECF7F8DFDC42}
	EndGlobalSection
EndGlobal
